<?xml version="1.0" encoding="utf-8"?>
<Project ToolsVersion="4.0" xmlns="http://schemas.microsoft.com/developer/msbuild/2003">
  <ItemGroup>
    <Filter Include="Source Files">
      <UniqueIdentifier>{4FC737F1-C7A5-4376-A066-2A32D752A2FF}</UniqueIdentifier>
      <Extensions>cpp;c;cc;cxx;c++;cppm;ixx;def;odl;idl;hpj;bat;asm;asmx</Extensions>
    </Filter>
    <Filter Include="Header Files">
      <UniqueIdentifier>{93995380-89BD-4b04-88EB-625FBE52EBFB}</UniqueIdentifier>
      <Extensions>h;hh;hpp;hxx;h++;hm;inl;inc;ipp;xsd</Extensions>
    </Filter>
    <Filter Include="Resource Files">
      <UniqueIdentifier>{67DA6AB6-F800-4c08-8B7A-83BB121AAD01}</UniqueIdentifier>
      <Extensions>rc;ico;cur;bmp;dlg;rc2;rct;bin;rgs;gif;jpg;jpeg;jpe;resx;tiff;tif;png;wav;mfcribbon-ms</Extensions>
    </Filter>
  </ItemGroup>
  <ItemGroup>
    <ClInclude Include="src\context.hpp">
      <Filter>Header Files</Filter>
    </ClInclude>
    <ClInclude Include="src\check-macros.hpp">
      <Filter>Header Files</Filter>
    </ClInclude>
    <ClInclude Include="src\board.hpp">
      <Filter>Header Files</Filter>
    </ClInclude>
    <ClInclude Include="src\bloom-shader.hpp">
      <Filter>Header Files</Filter>
    </ClInclude>
    <ClInclude Include="src\animation-player.hpp">
      <Filter>Header Files</Filter>
    </ClInclude>
    <ClInclude Include="src\util.hpp">
      <Filter>Header Files</Filter>
    </ClInclude>
    <ClInclude Include="src\tile-image.hpp">
      <Filter>Header Files</Filter>
    </ClInclude>
    <ClInclude Include="src\summon-image.hpp">
      <Filter>Header Files</Filter>
    </ClInclude>
    <ClInclude Include="src\state-splash.hpp">
      <Filter>Header Files</Filter>
    </ClInclude>
    <ClInclude Include="src\states.hpp">
      <Filter>Header Files</Filter>
    </ClInclude>
    <ClInclude Include="src\state-popup.hpp">
      <Filter>Header Files</Filter>
    </ClInclude>
    <ClInclude Include="src\state-play.hpp">
      <Filter>Header Files</Filter>
    </ClInclude>
    <ClInclude Include="src\state-machine.hpp">
      <Filter>Header Files</Filter>
    </ClInclude>
    <ClInclude Include="src\sound-player.hpp">
      <Filter>Header Files</Filter>
    </ClInclude>
    <ClInclude Include="src\settings.hpp">
      <Filter>Header Files</Filter>
    </ClInclude>
    <ClInclude Include="src\resources.hpp">
      <Filter>Header Files</Filter>
    </ClInclude>
    <ClInclude Include="src\random.hpp">
      <Filter>Header Files</Filter>
    </ClInclude>
    <ClInclude Include="src\popup-manager.hpp">
      <Filter>Header Files</Filter>
    </ClInclude>
    <ClInclude Include="src\player-piece.hpp">
      <Filter>Header Files</Filter>
    </ClInclude>
    <ClInclude Include="src\pieces.hpp">
      <Filter>Header Files</Filter>
    </ClInclude>
    <ClInclude Include="src\map-types.hpp">
      <Filter>Header Files</Filter>
    </ClInclude>
    <ClInclude Include="src\maps.hpp">
      <Filter>Header Files</Filter>
    </ClInclude>
    <ClInclude Include="src\map.hpp">
      <Filter>Header Files</Filter>
    </ClInclude>
    <ClInclude Include="src\keys.hpp">
      <Filter>Header Files</Filter>
    </ClInclude>
    <ClInclude Include="src\game-coordinator.hpp">
      <Filter>Header Files</Filter>
    </ClInclude>
    <ClInclude Include="src\frames-per-sec.hpp">
      <Filter>Header Files</Filter>
    </ClInclude>
    <ClInclude Include="src\door-piece.hpp">
      <Filter>Header Files</Filter>
    </ClInclude>
    <ClInclude Include="src\flat-map.hpp">
      <Filter>Header Files</Filter>
    </ClInclude>
    <ClInclude Include="src\item.hpp">
      <Filter>Header Files</Filter>
    </ClInclude>
  </ItemGroup>
  <ItemGroup>
    <ClCompile Include="src\sound-player.cpp">
      <Filter>Source Files</Filter>
    </ClCompile>
    <ClCompile Include="src\state-machine.cpp">
      <Filter>Source Files</Filter>
    </ClCompile>
    <ClCompile Include="src\state-play.cpp">
      <Filter>Source Files</Filter>
    </ClCompile>
    <ClCompile Include="src\state-popup.cpp">
      <Filter>Source Files</Filter>
    </ClCompile>
    <ClCompile Include="src\states.cpp">
      <Filter>Source Files</Filter>
    </ClCompile>
    <ClCompile Include="src\state-splash.cpp">
      <Filter>Source Files</Filter>
    </ClCompile>
    <ClCompile Include="src\animation-player.cpp">
      <Filter>Source Files</Filter>
    </ClCompile>
    <ClCompile Include="src\board.cpp">
      <Filter>Source Files</Filter>
    </ClCompile>
    <ClCompile Include="src\door-piece.cpp">
      <Filter>Source Files</Filter>
    </ClCompile>
    <ClCompile Include="src\frames-per-sec.cpp">
      <Filter>Source Files</Filter>
    </ClCompile>
    <ClCompile Include="src\game-coordinator.cpp">
      <Filter>Source Files</Filter>
    </ClCompile>
    <ClCompile Include="src\main.cpp">
      <Filter>Source Files</Filter>
    </ClCompile>
    <ClCompile Include="src\map.cpp">
      <Filter>Source Files</Filter>
    </ClCompile>
    <ClCompile Include="src\maps.cpp">
      <Filter>Source Files</Filter>
    </ClCompile>
    <ClCompile Include="src\pieces.cpp">
      <Filter>Source Files</Filter>
    </ClCompile>
    <ClCompile Include="src\player-piece.cpp">
      <Filter>Source Files</Filter>
    </ClCompile>
    <ClCompile Include="src\popup-manager.cpp">
      <Filter>Source Files</Filter>
    </ClCompile>
    <ClCompile Include="src\resources.cpp">
      <Filter>Source Files</Filter>
    </ClCompile>
    <ClCompile Include="src\settings.cpp">
      <Filter>Source Files</Filter>
    </ClCompile>
    <ClCompile Include="src\item.cpp">
      <Filter>Source Files</Filter>
    </ClCompile>
  </ItemGroup>
</Project>