<?xml version="1.0" encoding="utf-8"?>
<Project ToolsVersion="4.0" xmlns="http://schemas.microsoft.com/developer/msbuild/2003">
  <ItemGroup>
    <Filter Include="Source Files">
      <UniqueIdentifier>{4FC737F1-C7A5-4376-A066-2A32D752A2FF}</UniqueIdentifier>
      <Extensions>cpp;c;cc;cxx;c++;cppm;ixx;def;odl;idl;hpj;bat;asm;asmx</Extensions>
    </Filter>
    <Filter Include="Header Files">
      <UniqueIdentifier>{93995380-89BD-4b04-88EB-625FBE52EBFB}</UniqueIdentifier>
      <Extensions>h;hh;hpp;hxx;h++;hm;inl;inc;ipp;xsd</Extensions>
    </Filter>
    <Filter Include="Resource Files">
      <UniqueIdentifier>{67DA6AB6-F800-4c08-8B7A-83BB121AAD01}</UniqueIdentifier>
      <Extensions>rc;ico;cur;bmp;dlg;rc2;rct;bin;rgs;gif;jpg;jpeg;jpe;resx;tiff;tif;png;wav;mfcribbon-ms</Extensions>
    </Filter>
  </ItemGroup>
  <ItemGroup>
    <ClCompile Include="pieces.cpp">
      <Filter>Source Files</Filter>
    </ClCompile>
    <ClCompile Include="player-piece.cpp">
      <Filter>Source Files</Filter>
    </ClCompile>
    <ClCompile Include="popup-manager.cpp">
      <Filter>Source Files</Filter>
    </ClCompile>
    <ClCompile Include="resources.cpp">
      <Filter>Source Files</Filter>
    </ClCompile>
    <ClCompile Include="settings.cpp">
      <Filter>Source Files</Filter>
    </ClCompile>
    <ClCompile Include="sound-player.cpp">
      <Filter>Source Files</Filter>
    </ClCompile>
    <ClCompile Include="state-machine.cpp">
      <Filter>Source Files</Filter>
    </ClCompile>
    <ClCompile Include="state-edit.cpp">
      <Filter>Source Files</Filter>
    </ClCompile>
    <ClCompile Include="state-popup.cpp">
      <Filter>Source Files</Filter>
    </ClCompile>
    <ClCompile Include="states.cpp">
      <Filter>Source Files</Filter>
    </ClCompile>
    <ClCompile Include="board.cpp">
      <Filter>Source Files</Filter>
    </ClCompile>
    <ClCompile Include="door-piece.cpp">
      <Filter>Source Files</Filter>
    </ClCompile>
    <ClCompile Include="game-coordinator.cpp">
      <Filter>Source Files</Filter>
    </ClCompile>
    <ClCompile Include="main.cpp">
      <Filter>Source Files</Filter>
    </ClCompile>
    <ClCompile Include="map.cpp">
      <Filter>Source Files</Filter>
    </ClCompile>
    <ClCompile Include="map-tracker.cpp">
      <Filter>Source Files</Filter>
    </ClCompile>
    <ClCompile Include="editor.cpp">
      <Filter>Source Files</Filter>
    </ClCompile>
  </ItemGroup>
  <ItemGroup>
    <ClInclude Include="context.hpp">
      <Filter>Header Files</Filter>
    </ClInclude>
    <ClInclude Include="door-piece.hpp">
      <Filter>Header Files</Filter>
    </ClInclude>
    <ClInclude Include="game-coordinator.hpp">
      <Filter>Header Files</Filter>
    </ClInclude>
    <ClInclude Include="keys.hpp">
      <Filter>Header Files</Filter>
    </ClInclude>
    <ClInclude Include="map-types.hpp">
      <Filter>Header Files</Filter>
    </ClInclude>
    <ClInclude Include="pieces.hpp">
      <Filter>Header Files</Filter>
    </ClInclude>
    <ClInclude Include="player-piece.hpp">
      <Filter>Header Files</Filter>
    </ClInclude>
    <ClInclude Include="popup-manager.hpp">
      <Filter>Header Files</Filter>
    </ClInclude>
    <ClInclude Include="random.hpp">
      <Filter>Header Files</Filter>
    </ClInclude>
    <ClInclude Include="resources.hpp">
      <Filter>Header Files</Filter>
    </ClInclude>
    <ClInclude Include="settings.hpp">
      <Filter>Header Files</Filter>
    </ClInclude>
    <ClInclude Include="sound-player.hpp">
      <Filter>Header Files</Filter>
    </ClInclude>
    <ClInclude Include="state-machine.hpp">
      <Filter>Header Files</Filter>
    </ClInclude>
    <ClInclude Include="state-edit.hpp">
      <Filter>Header Files</Filter>
    </ClInclude>
    <ClInclude Include="state-popup.hpp">
      <Filter>Header Files</Filter>
    </ClInclude>
    <ClInclude Include="states.hpp">
      <Filter>Header Files</Filter>
    </ClInclude>
    <ClInclude Include="summon-image.hpp">
      <Filter>Header Files</Filter>
    </ClInclude>
    <ClInclude Include="tile-image.hpp">
      <Filter>Header Files</Filter>
    </ClInclude>
    <ClInclude Include="bloom-shader.hpp">
      <Filter>Header Files</Filter>
    </ClInclude>
    <ClInclude Include="board.hpp">
      <Filter>Header Files</Filter>
    </ClInclude>
    <ClInclude Include="util.hpp">
      <Filter>Header Files</Filter>
    </ClInclude>
    <ClInclude Include="check-macros.hpp">
      <Filter>Header Files</Filter>
    </ClInclude>
    <ClInclude Include="map.hpp">
      <Filter>Header Files</Filter>
    </ClInclude>
    <ClInclude Include="map-tracker.hpp">
      <Filter>Header Files</Filter>
    </ClInclude>
    <ClInclude Include="editor.hpp">
      <Filter>Header Files</Filter>
    </ClInclude>
  </ItemGroup>
</Project>